// !$*UTF8*$!
{
	archiveVersion = 1;
	classes = {
	};
	objectVersion = 56;
	objects = {

/* Begin PBXBuildFile section */
		C96319982A88BB36007C653E /* iTimerApp.swift in Sources */ = {isa = PBXBuildFile; fileRef = C96319972A88BB36007C653E /* iTimerApp.swift */; };
		C963199A2A88BB36007C653E /* TimerView.swift in Sources */ = {isa = PBXBuildFile; fileRef = C96319992A88BB36007C653E /* TimerView.swift */; };
		C963199C2A88BB39007C653E /* Assets.xcassets in Resources */ = {isa = PBXBuildFile; fileRef = C963199B2A88BB39007C653E /* Assets.xcassets */; };
		C963199F2A88BB39007C653E /* Preview Assets.xcassets in Resources */ = {isa = PBXBuildFile; fileRef = C963199E2A88BB39007C653E /* Preview Assets.xcassets */; };
		C96319A62A88BB5D007C653E /* Timer.swift in Sources */ = {isa = PBXBuildFile; fileRef = C96319A52A88BB5D007C653E /* Timer.swift */; };
		C96319AB2AA0822A007C653E /* TimerTextStyle.swift in Sources */ = {isa = PBXBuildFile; fileRef = C96319AA2AA0822A007C653E /* TimerTextStyle.swift */; };
		C96319AD2AA1D8EE007C653E /* TimerSelector.swift in Sources */ = {isa = PBXBuildFile; fileRef = C96319AC2AA1D8EE007C653E /* TimerSelector.swift */; };
		C96319AF2AA1DFA8007C653E /* StructArrayStorage.swift in Sources */ = {isa = PBXBuildFile; fileRef = C96319AE2AA1DFA8007C653E /* StructArrayStorage.swift */; };
		C96319B12AA1DFDE007C653E /* TimerConfig.swift in Sources */ = {isa = PBXBuildFile; fileRef = C96319B02AA1DFDE007C653E /* TimerConfig.swift */; };
		C96319B32AA3B05F007C653E /* AddTimerView.swift in Sources */ = {isa = PBXBuildFile; fileRef = C96319B22AA3B05E007C653E /* AddTimerView.swift */; };
		C96319B52AA3B594007C653E /* TimerConfigStorage.swift in Sources */ = {isa = PBXBuildFile; fileRef = C96319B42AA3B594007C653E /* TimerConfigStorage.swift */; };
/* End PBXBuildFile section */

/* Begin PBXFileReference section */
		C96319942A88BB36007C653E /* iTimer.app */ = {isa = PBXFileReference; explicitFileType = wrapper.application; includeInIndex = 0; path = iTimer.app; sourceTree = BUILT_PRODUCTS_DIR; };
		C96319972A88BB36007C653E /* iTimerApp.swift */ = {isa = PBXFileReference; lastKnownFileType = sourcecode.swift; path = iTimerApp.swift; sourceTree = "<group>"; };
		C96319992A88BB36007C653E /* TimerView.swift */ = {isa = PBXFileReference; lastKnownFileType = sourcecode.swift; path = TimerView.swift; sourceTree = "<group>"; };
		C963199B2A88BB39007C653E /* Assets.xcassets */ = {isa = PBXFileReference; lastKnownFileType = folder.assetcatalog; path = Assets.xcassets; sourceTree = "<group>"; };
		C963199E2A88BB39007C653E /* Preview Assets.xcassets */ = {isa = PBXFileReference; lastKnownFileType = folder.assetcatalog; path = "Preview Assets.xcassets"; sourceTree = "<group>"; };
		C96319A52A88BB5D007C653E /* Timer.swift */ = {isa = PBXFileReference; lastKnownFileType = sourcecode.swift; path = Timer.swift; sourceTree = "<group>"; };
		C96319AA2AA0822A007C653E /* TimerTextStyle.swift */ = {isa = PBXFileReference; lastKnownFileType = sourcecode.swift; path = TimerTextStyle.swift; sourceTree = "<group>"; };
		C96319AC2AA1D8EE007C653E /* TimerSelector.swift */ = {isa = PBXFileReference; lastKnownFileType = sourcecode.swift; path = TimerSelector.swift; sourceTree = "<group>"; };
		C96319AE2AA1DFA8007C653E /* StructArrayStorage.swift */ = {isa = PBXFileReference; lastKnownFileType = sourcecode.swift; path = StructArrayStorage.swift; sourceTree = "<group>"; };
		C96319B02AA1DFDE007C653E /* TimerConfig.swift */ = {isa = PBXFileReference; lastKnownFileType = sourcecode.swift; path = TimerConfig.swift; sourceTree = "<group>"; };
		C96319B22AA3B05E007C653E /* AddTimerView.swift */ = {isa = PBXFileReference; lastKnownFileType = sourcecode.swift; path = AddTimerView.swift; sourceTree = "<group>"; };
		C96319B42AA3B594007C653E /* TimerConfigStorage.swift */ = {isa = PBXFileReference; lastKnownFileType = sourcecode.swift; path = TimerConfigStorage.swift; sourceTree = "<group>"; };
/* End PBXFileReference section */

/* Begin PBXFrameworksBuildPhase section */
		C96319912A88BB36007C653E /* Frameworks */ = {
			isa = PBXFrameworksBuildPhase;
			buildActionMask = 2147483647;
			files = (
			);
			runOnlyForDeploymentPostprocessing = 0;
		};
/* End PBXFrameworksBuildPhase section */

/* Begin PBXGroup section */
		C963198B2A88BB36007C653E = {
			isa = PBXGroup;
			children = (
				C96319962A88BB36007C653E /* iTimer */,
				C96319952A88BB36007C653E /* Products */,
			);
			sourceTree = "<group>";
		};
		C96319952A88BB36007C653E /* Products */ = {
			isa = PBXGroup;
			children = (
				C96319942A88BB36007C653E /* iTimer.app */,
			);
			name = Products;
			sourceTree = "<group>";
		};
		C96319962A88BB36007C653E /* iTimer */ = {
			isa = PBXGroup;
			children = (
				C96319A92A88BB84007C653E /* Controller */,
				C96319A82A88BB77007C653E /* View */,
				C96319A72A88BB65007C653E /* Model */,
				C963199B2A88BB39007C653E /* Assets.xcassets */,
				C963199D2A88BB39007C653E /* Preview Content */,
			);
			path = iTimer;
			sourceTree = "<group>";
		};
		C963199D2A88BB39007C653E /* Preview Content */ = {
			isa = PBXGroup;
			children = (
				C963199E2A88BB39007C653E /* Preview Assets.xcassets */,
			);
			path = "Preview Content";
			sourceTree = "<group>";
		};
		C96319A72A88BB65007C653E /* Model */ = {
			isa = PBXGroup;
			children = (
				C96319A52A88BB5D007C653E /* Timer.swift */,
				C96319B02AA1DFDE007C653E /* TimerConfig.swift */,
				C96319B42AA3B594007C653E /* TimerConfigStorage.swift */,
			);
			path = Model;
			sourceTree = "<group>";
		};
		C96319A82A88BB77007C653E /* View */ = {
			isa = PBXGroup;
			children = (
				C96319992A88BB36007C653E /* TimerView.swift */,
				C96319AA2AA0822A007C653E /* TimerTextStyle.swift */,
				C96319AC2AA1D8EE007C653E /* TimerSelector.swift */,
				C96319B22AA3B05E007C653E /* AddTimerView.swift */,
			);
			path = View;
			sourceTree = "<group>";
		};
		C96319A92A88BB84007C653E /* Controller */ = {
			isa = PBXGroup;
			children = (
				C96319972A88BB36007C653E /* iTimerApp.swift */,
				C96319AE2AA1DFA8007C653E /* StructArrayStorage.swift */,
			);
			path = Controller;
			sourceTree = "<group>";
		};
/* End PBXGroup section */

/* Begin PBXNativeTarget section */
		C96319932A88BB36007C653E /* iTimer */ = {
			isa = PBXNativeTarget;
			buildConfigurationList = C96319A22A88BB39007C653E /* Build configuration list for PBXNativeTarget "iTimer" */;
			buildPhases = (
				C96319902A88BB36007C653E /* Sources */,
				C96319912A88BB36007C653E /* Frameworks */,
				C96319922A88BB36007C653E /* Resources */,
			);
			buildRules = (
			);
			dependencies = (
			);
			name = iTimer;
			productName = iTimer;
			productReference = C96319942A88BB36007C653E /* iTimer.app */;
			productType = "com.apple.product-type.application";
		};
/* End PBXNativeTarget section */

/* Begin PBXProject section */
		C963198C2A88BB36007C653E /* Project object */ = {
			isa = PBXProject;
			attributes = {
				BuildIndependentTargetsInParallel = 1;
				LastSwiftUpdateCheck = 1430;
				LastUpgradeCheck = 1430;
				TargetAttributes = {
					C96319932A88BB36007C653E = {
						CreatedOnToolsVersion = 14.3.1;
					};
				};
			};
			buildConfigurationList = C963198F2A88BB36007C653E /* Build configuration list for PBXProject "iTimer" */;
			compatibilityVersion = "Xcode 14.0";
			developmentRegion = en;
			hasScannedForEncodings = 0;
			knownRegions = (
				en,
				Base,
			);
			mainGroup = C963198B2A88BB36007C653E;
			productRefGroup = C96319952A88BB36007C653E /* Products */;
			projectDirPath = "";
			projectRoot = "";
			targets = (
				C96319932A88BB36007C653E /* iTimer */,
			);
		};
/* End PBXProject section */

/* Begin PBXResourcesBuildPhase section */
		C96319922A88BB36007C653E /* Resources */ = {
			isa = PBXResourcesBuildPhase;
			buildActionMask = 2147483647;
			files = (
				C963199F2A88BB39007C653E /* Preview Assets.xcassets in Resources */,
				C963199C2A88BB39007C653E /* Assets.xcassets in Resources */,
			);
			runOnlyForDeploymentPostprocessing = 0;
		};
/* End PBXResourcesBuildPhase section */

/* Begin PBXSourcesBuildPhase section */
		C96319902A88BB36007C653E /* Sources */ = {
			isa = PBXSourcesBuildPhase;
			buildActionMask = 2147483647;
			files = (
				C96319B12AA1DFDE007C653E /* TimerConfig.swift in Sources */,
				C96319AB2AA0822A007C653E /* TimerTextStyle.swift in Sources */,
				C96319A62A88BB5D007C653E /* Timer.swift in Sources */,
				C96319B32AA3B05F007C653E /* AddTimerView.swift in Sources */,
				C963199A2A88BB36007C653E /* TimerView.swift in Sources */,
				C96319982A88BB36007C653E /* iTimerApp.swift in Sources */,
				C96319AF2AA1DFA8007C653E /* StructArrayStorage.swift in Sources */,
				C96319AD2AA1D8EE007C653E /* TimerSelector.swift in Sources */,
				C96319B52AA3B594007C653E /* TimerConfigStorage.swift in Sources */,
			);
			runOnlyForDeploymentPostprocessing = 0;
		};
/* End PBXSourcesBuildPhase section */

/* Begin XCBuildConfiguration section */
		C96319A02A88BB39007C653E /* Debug */ = {
			isa = XCBuildConfiguration;
			buildSettings = {
				ALWAYS_SEARCH_USER_PATHS = NO;
				CLANG_ANALYZER_NONNULL = YES;
				CLANG_ANALYZER_NUMBER_OBJECT_CONVERSION = YES_AGGRESSIVE;
				CLANG_CXX_LANGUAGE_STANDARD = "gnu++20";
				CLANG_ENABLE_MODULES = YES;
				CLANG_ENABLE_OBJC_ARC = YES;
				CLANG_ENABLE_OBJC_WEAK = YES;
				CLANG_WARN_BLOCK_CAPTURE_AUTORELEASING = YES;
				CLANG_WARN_BOOL_CONVERSION = YES;
				CLANG_WARN_COMMA = YES;
				CLANG_WARN_CONSTANT_CONVERSION = YES;
				CLANG_WARN_DEPRECATED_OBJC_IMPLEMENTATIONS = YES;
				CLANG_WARN_DIRECT_OBJC_ISA_USAGE = YES_ERROR;
				CLANG_WARN_DOCUMENTATION_COMMENTS = YES;
				CLANG_WARN_EMPTY_BODY = YES;
				CLANG_WARN_ENUM_CONVERSION = YES;
				CLANG_WARN_INFINITE_RECURSION = YES;
				CLANG_WARN_INT_CONVERSION = YES;
				CLANG_WARN_NON_LITERAL_NULL_CONVERSION = YES;
				CLANG_WARN_OBJC_IMPLICIT_RETAIN_SELF = YES;
				CLANG_WARN_OBJC_LITERAL_CONVERSION = YES;
				CLANG_WARN_OBJC_ROOT_CLASS = YES_ERROR;
				CLANG_WARN_QUOTED_INCLUDE_IN_FRAMEWORK_HEADER = YES;
				CLANG_WARN_RANGE_LOOP_ANALYSIS = YES;
				CLANG_WARN_STRICT_PROTOTYPES = YES;
				CLANG_WARN_SUSPICIOUS_MOVE = YES;
				CLANG_WARN_UNGUARDED_AVAILABILITY = YES_AGGRESSIVE;
				CLANG_WARN_UNREACHABLE_CODE = YES;
				CLANG_WARN__DUPLICATE_METHOD_MATCH = YES;
				COPY_PHASE_STRIP = NO;
				DEBUG_INFORMATION_FORMAT = dwarf;
				ENABLE_STRICT_OBJC_MSGSEND = YES;
				ENABLE_TESTABILITY = YES;
				GCC_C_LANGUAGE_STANDARD = gnu11;
				GCC_DYNAMIC_NO_PIC = NO;
				GCC_NO_COMMON_BLOCKS = YES;
				GCC_OPTIMIZATION_LEVEL = 0;
				GCC_PREPROCESSOR_DEFINITIONS = (
					"DEBUG=1",
					"$(inherited)",
				);
				GCC_WARN_64_TO_32_BIT_CONVERSION = YES;
				GCC_WARN_ABOUT_RETURN_TYPE = YES_ERROR;
				GCC_WARN_UNDECLARED_SELECTOR = YES;
				GCC_WARN_UNINITIALIZED_AUTOS = YES_AGGRESSIVE;
				GCC_WARN_UNUSED_FUNCTION = YES;
				GCC_WARN_UNUSED_VARIABLE = YES;
				IPHONEOS_DEPLOYMENT_TARGET = 16.4;
				MTL_ENABLE_DEBUG_INFO = INCLUDE_SOURCE;
				MTL_FAST_MATH = YES;
				ONLY_ACTIVE_ARCH = YES;
				SDKROOT = iphoneos;
				SWIFT_ACTIVE_COMPILATION_CONDITIONS = DEBUG;
				SWIFT_OPTIMIZATION_LEVEL = "-Onone";
			};
			name = Debug;
		};
		C96319A12A88BB39007C653E /* Release */ = {
			isa = XCBuildConfiguration;
			buildSettings = {
				ALWAYS_SEARCH_USER_PATHS = NO;
				CLANG_ANALYZER_NONNULL = YES;
				CLANG_ANALYZER_NUMBER_OBJECT_CONVERSION = YES_AGGRESSIVE;
				CLANG_CXX_LANGUAGE_STANDARD = "gnu++20";
				CLANG_ENABLE_MODULES = YES;
				CLANG_ENABLE_OBJC_ARC = YES;
				CLANG_ENABLE_OBJC_WEAK = YES;
				CLANG_WARN_BLOCK_CAPTURE_AUTORELEASING = YES;
				CLANG_WARN_BOOL_CONVERSION = YES;
				CLANG_WARN_COMMA = YES;
				CLANG_WARN_CONSTANT_CONVERSION = YES;
				CLANG_WARN_DEPRECATED_OBJC_IMPLEMENTATIONS = YES;
				CLANG_WARN_DIRECT_OBJC_ISA_USAGE = YES_ERROR;
				CLANG_WARN_DOCUMENTATION_COMMENTS = YES;
				CLANG_WARN_EMPTY_BODY = YES;
				CLANG_WARN_ENUM_CONVERSION = YES;
				CLANG_WARN_INFINITE_RECURSION = YES;
				CLANG_WARN_INT_CONVERSION = YES;
				CLANG_WARN_NON_LITERAL_NULL_CONVERSION = YES;
				CLANG_WARN_OBJC_IMPLICIT_RETAIN_SELF = YES;
				CLANG_WARN_OBJC_LITERAL_CONVERSION = YES;
				CLANG_WARN_OBJC_ROOT_CLASS = YES_ERROR;
				CLANG_WARN_QUOTED_INCLUDE_IN_FRAMEWORK_HEADER = YES;
				CLANG_WARN_RANGE_LOOP_ANALYSIS = YES;
				CLANG_WARN_STRICT_PROTOTYPES = YES;
				CLANG_WARN_SUSPICIOUS_MOVE = YES;
				CLANG_WARN_UNGUARDED_AVAILABILITY = YES_AGGRESSIVE;
				CLANG_WARN_UNREACHABLE_CODE = YES;
				CLANG_WARN__DUPLICATE_METHOD_MATCH = YES;
				COPY_PHASE_STRIP = NO;
				DEBUG_INFORMATION_FORMAT = "dwarf-with-dsym";
				ENABLE_NS_ASSERTIONS = NO;
				ENABLE_STRICT_OBJC_MSGSEND = YES;
				GCC_C_LANGUAGE_STANDARD = gnu11;
				GCC_NO_COMMON_BLOCKS = YES;
				GCC_WARN_64_TO_32_BIT_CONVERSION = YES;
				GCC_WARN_ABOUT_RETURN_TYPE = YES_ERROR;
				GCC_WARN_UNDECLARED_SELECTOR = YES;
				GCC_WARN_UNINITIALIZED_AUTOS = YES_AGGRESSIVE;
				GCC_WARN_UNUSED_FUNCTION = YES;
				GCC_WARN_UNUSED_VARIABLE = YES;
				IPHONEOS_DEPLOYMENT_TARGET = 16.4;
				MTL_ENABLE_DEBUG_INFO = NO;
				MTL_FAST_MATH = YES;
				SDKROOT = iphoneos;
				SWIFT_COMPILATION_MODE = wholemodule;
				SWIFT_OPTIMIZATION_LEVEL = "-O";
				VALIDATE_PRODUCT = YES;
			};
			name = Release;
		};
		C96319A32A88BB39007C653E /* Debug */ = {
			isa = XCBuildConfiguration;
			buildSettings = {
				ASSETCATALOG_COMPILER_APPICON_NAME = AppIcon;
				ASSETCATALOG_COMPILER_GLOBAL_ACCENT_COLOR_NAME = AccentColor;
				CODE_SIGN_STYLE = Automatic;
				CURRENT_PROJECT_VERSION = 1;
				DEVELOPMENT_ASSET_PATHS = "\"iTimer/Preview Content\"";
				DEVELOPMENT_TEAM = KQFV358W5W;
				ENABLE_PREVIEWS = YES;
				GENERATE_INFOPLIST_FILE = YES;
				INFOPLIST_KEY_UIApplicationSceneManifest_Generation = YES;
				INFOPLIST_KEY_UIApplicationSupportsIndirectInputEvents = YES;
				INFOPLIST_KEY_UILaunchScreen_Generation = YES;
				INFOPLIST_KEY_UISupportedInterfaceOrientations_iPad = "UIInterfaceOrientationPortrait UIInterfaceOrientationPortraitUpsideDown UIInterfaceOrientationLandscapeLeft UIInterfaceOrientationLandscapeRight";
				INFOPLIST_KEY_UISupportedInterfaceOrientations_iPhone = "UIInterfaceOrientationPortrait UIInterfaceOrientationLandscapeLeft UIInterfaceOrientationLandscapeRight";
				LD_RUNPATH_SEARCH_PATHS = (
					"$(inherited)",
					"@executable_path/Frameworks",
				);
				MARKETING_VERSION = 1.0;
				PRODUCT_BUNDLE_IDENTIFIER = oli.harvey.iTimer;
				PRODUCT_NAME = "$(TARGET_NAME)";
				SWIFT_EMIT_LOC_STRINGS = YES;
				SWIFT_VERSION = 5.0;
				TARGETED_DEVICE_FAMILY = "1,2";
			};
			name = Debug;
		};
		C96319A42A88BB39007C653E /* Release */ = {
			isa = XCBuildConfiguration;
			buildSettings = {
				ASSETCATALOG_COMPILER_APPICON_NAME = AppIcon;
				ASSETCATALOG_COMPILER_GLOBAL_ACCENT_COLOR_NAME = AccentColor;
				CODE_SIGN_STYLE = Automatic;
				CURRENT_PROJECT_VERSION = 1;
				DEVELOPMENT_ASSET_PATHS = "\"iTimer/Preview Content\"";
				DEVELOPMENT_TEAM = KQFV358W5W;
				ENABLE_PREVIEWS = YES;
				GENERATE_INFOPLIST_FILE = YES;
				INFOPLIST_KEY_UIApplicationSceneManifest_Generation = YES;
				INFOPLIST_KEY_UIApplicationSupportsIndirectInputEvents = YES;
				INFOPLIST_KEY_UILaunchScreen_Generation = YES;
				INFOPLIST_KEY_UISupportedInterfaceOrientations_iPad = "UIInterfaceOrientationPortrait UIInterfaceOrientationPortraitUpsideDown UIInterfaceOrientationLandscapeLeft UIInterfaceOrientationLandscapeRight";
				INFOPLIST_KEY_UISupportedInterfaceOrientations_iPhone = "UIInterfaceOrientationPortrait UIInterfaceOrientationLandscapeLeft UIInterfaceOrientationLandscapeRight";
				LD_RUNPATH_SEARCH_PATHS = (
					"$(inherited)",
					"@executable_path/Frameworks",
				);
				MARKETING_VERSION = 1.0;
				PRODUCT_BUNDLE_IDENTIFIER = oli.harvey.iTimer;
				PRODUCT_NAME = "$(TARGET_NAME)";
				SWIFT_EMIT_LOC_STRINGS = YES;
				SWIFT_VERSION = 5.0;
				TARGETED_DEVICE_FAMILY = "1,2";
			};
			name = Release;
		};
/* End XCBuildConfiguration section */

/* Begin XCConfigurationList section */
		C963198F2A88BB36007C653E /* Build configuration list for PBXProject "iTimer" */ = {
			isa = XCConfigurationList;
			buildConfigurations = (
				C96319A02A88BB39007C653E /* Debug */,
				C96319A12A88BB39007C653E /* Release */,
			);
			defaultConfigurationIsVisible = 0;
			defaultConfigurationName = Release;
		};
		C96319A22A88BB39007C653E /* Build configuration list for PBXNativeTarget "iTimer" */ = {
			isa = XCConfigurationList;
			buildConfigurations = (
				C96319A32A88BB39007C653E /* Debug */,
				C96319A42A88BB39007C653E /* Release */,
			);
			defaultConfigurationIsVisible = 0;
			defaultConfigurationName = Release;
		};
/* End XCConfigurationList section */
	};
	rootObject = C963198C2A88BB36007C653E /* Project object */;
}
